
Microsoft Visual Studio Solution File, Format Version 12.00
# Visual Studio Version 17
VisualStudioVersion = 17.0.32014.148
MinimumVisualStudioVersion = 10.0.40219.1
Project("{9A19103F-16F7-4668-BE54-9A1E7A4F7556}") = "ConsoleApp1", "ConsoleApp1\ConsoleApp1.csproj", "{7538D18E-717A-481F-8218-99971593C7DF}"
EndProject
Project("{2150E333-8FDC-42A3-9474-1A3956D46DE8}") = "Solution Items", "Solution Items", "{F22A5F34-6344-498A-948C-B4D0C2932E58}"
	ProjectSection(SolutionItems) = preProject
		.editorconfig = .editorconfig
	EndProjectSection
EndProject
Global
	GlobalSection(SolutionConfigurationPlatforms) = preSolution
		Debug|Any CPU = Debug|Any CPU
		Release|Any CPU = Release|Any CPU
	EndGlobalSection
	GlobalSection(ProjectConfigurationPlatforms) = postSolution
		{7538D18E-717A-481F-8218-99971593C7DF}.Debug|Any CPU.ActiveCfg = Debug|Any CPU
		{7538D18E-717A-481F-8218-99971593C7DF}.Debug|Any CPU.Build.0 = Debug|Any CPU
		{7538D18E-717A-481F-8218-99971593C7DF}.Release|Any CPU.ActiveCfg = Release|Any CPU
		{7538D18E-717A-481F-8218-99971593C7DF}.Release|Any CPU.Build.0 = Release|Any CPU
	EndGlobalSection
	GlobalSection(SolutionProperties) = preSolution
		HideSolutionNode = FALSE
	EndGlobalSection
	GlobalSection(ExtensibilityGlobals) = postSolution
		SolutionGuid = {0B934E4A-522D-434D-8D1B-7B5E474B945A}
	EndGlobalSection
EndGlobal
